{
  "pins" : [
    {
      "identity" : "halfasheet",
      "kind" : "remoteSourceControl",
      "location" : "https://github.com/franklynw/HalfASheet",
      "state" : {
        "revision" : "4f43296b3722082dd5735521ee0fbf25e61cd21c",
        "version" : "1.0.2"
      }
    },
    {
      "identity" : "swiftui-introspect",
      "kind" : "remoteSourceControl",
      "location" : "https://github.com/siteline/SwiftUI-Introspect.git",
      "state" : {
        "revision" : "f2616860a41f9d9932da412a8978fec79c06fe24",
        "version" : "0.1.4"
      }
    }
  ],
  "version" : 2
}
